
Microsoft Visual Studio Solution File, Format Version 12.00
# Visual Studio Version 17
VisualStudioVersion = 17.3.32811.315
MinimumVisualStudioVersion = 10.0.40219.1
Project("{9A19103F-16F7-4668-BE54-9A1E7A4F7556}") = "BisonCorp", "BisonCorp.csproj", "{37365CB3-A841-4455-9BB3-26362E520EE9}"
EndProject
Project("{FAE04EC0-301F-11D3-BF4B-00C04F79EFBC}") = "Datos", "..\Datos\Datos.csproj", "{7FFA4318-5861-4B44-A843-23FB7FF76873}"
EndProject
Project("{FAE04EC0-301F-11D3-BF4B-00C04F79EFBC}") = "Negocio", "..\Negocio\Negocio.csproj", "{6D1B5830-C2CD-4A03-85CF-12A337495532}"
EndProject
Project("{FAE04EC0-301F-11D3-BF4B-00C04F79EFBC}") = "Entidades", "..\Entidades\Entidades.csproj", "{FA128172-A500-4A7A-9B04-D5BC3DE491F6}"
EndProject
Global
	GlobalSection(SolutionConfigurationPlatforms) = preSolution
		Debug|Any CPU = Debug|Any CPU
		Release|Any CPU = Release|Any CPU
	EndGlobalSection
	GlobalSection(ProjectConfigurationPlatforms) = postSolution
		{37365CB3-A841-4455-9BB3-26362E520EE9}.Debug|Any CPU.ActiveCfg = Debug|Any CPU
		{37365CB3-A841-4455-9BB3-26362E520EE9}.Debug|Any CPU.Build.0 = Debug|Any CPU
		{37365CB3-A841-4455-9BB3-26362E520EE9}.Release|Any CPU.ActiveCfg = Release|Any CPU
		{37365CB3-A841-4455-9BB3-26362E520EE9}.Release|Any CPU.Build.0 = Release|Any CPU
		{7FFA4318-5861-4B44-A843-23FB7FF76873}.Debug|Any CPU.ActiveCfg = Debug|Any CPU
		{7FFA4318-5861-4B44-A843-23FB7FF76873}.Debug|Any CPU.Build.0 = Debug|Any CPU
		{7FFA4318-5861-4B44-A843-23FB7FF76873}.Release|Any CPU.ActiveCfg = Release|Any CPU
		{7FFA4318-5861-4B44-A843-23FB7FF76873}.Release|Any CPU.Build.0 = Release|Any CPU
		{6D1B5830-C2CD-4A03-85CF-12A337495532}.Debug|Any CPU.ActiveCfg = Debug|Any CPU
		{6D1B5830-C2CD-4A03-85CF-12A337495532}.Debug|Any CPU.Build.0 = Debug|Any CPU
		{6D1B5830-C2CD-4A03-85CF-12A337495532}.Release|Any CPU.ActiveCfg = Release|Any CPU
		{6D1B5830-C2CD-4A03-85CF-12A337495532}.Release|Any CPU.Build.0 = Release|Any CPU
		{FA128172-A500-4A7A-9B04-D5BC3DE491F6}.Debug|Any CPU.ActiveCfg = Debug|Any CPU
		{FA128172-A500-4A7A-9B04-D5BC3DE491F6}.Debug|Any CPU.Build.0 = Debug|Any CPU
		{FA128172-A500-4A7A-9B04-D5BC3DE491F6}.Release|Any CPU.ActiveCfg = Release|Any CPU
		{FA128172-A500-4A7A-9B04-D5BC3DE491F6}.Release|Any CPU.Build.0 = Release|Any CPU
	EndGlobalSection
	GlobalSection(SolutionProperties) = preSolution
		HideSolutionNode = FALSE
	EndGlobalSection
	GlobalSection(ExtensibilityGlobals) = postSolution
		SolutionGuid = {0D13A4CC-8147-4493-ABEB-D9D587EE77C6}
	EndGlobalSection
EndGlobal
